# DO NOT EDIT MANUALLY - Managed by Fern Replay
version: "1.0"
generations:
  - commit_sha: 3da2332dd484a33ca428e9491b563ad6c3e6eccd
    tree_hash: 0418a0fa1ed2af2848561228d7124396728ec1a8
    timestamp: 2026-07-13T16:56:02.488Z
    cli_version: unknown
    generator_versions: {}
current_generation: 3da2332dd484a33ca428e9491b563ad6c3e6eccd
patches: []
